
Microsoft Visual Studio Solution File, Format Version 12.00
# Visual Studio Version 16
VisualStudioVersion = 16.0.30621.155
MinimumVisualStudioVersion = 10.0.40219.1
Project("{FAE04EC0-301F-11D3-BF4B-00C04F79EFBC}") = "m2sys.WebAPI", "m2sys.WebAPI\m2sys.WebAPI.csproj", "{32865C3A-7D0A-494E-BF39-D766BF81414C}"
EndProject
Project("{FAE04EC0-301F-11D3-BF4B-00C04F79EFBC}") = "m2sys.Membership", "m2sys.Membership\m2sys.Membership.csproj", "{ADFE1712-91BC-4371-8F08-EACEA0811D24}"
EndProject
Project("{FAE04EC0-301F-11D3-BF4B-00C04F79EFBC}") = "m2sys.core", "m2sys.core\m2sys.core.csproj", "{A5C0A7E3-1700-47E5-B8D5-F6E60AF09D5D}"
EndProject
Project("{FAE04EC0-301F-11D3-BF4B-00C04F79EFBC}") = "m2sys.Infrastructute", "m2sys.Infrastructute\m2sys.Infrastructute.csproj", "{96E6880A-4444-4E6E-A618-F6C2142A4131}"
EndProject
Global
	GlobalSection(SolutionConfigurationPlatforms) = preSolution
		Debug|Any CPU = Debug|Any CPU
		Release|Any CPU = Release|Any CPU
	EndGlobalSection
	GlobalSection(ProjectConfigurationPlatforms) = postSolution
		{32865C3A-7D0A-494E-BF39-D766BF81414C}.Debug|Any CPU.ActiveCfg = Debug|Any CPU
		{32865C3A-7D0A-494E-BF39-D766BF81414C}.Debug|Any CPU.Build.0 = Debug|Any CPU
		{32865C3A-7D0A-494E-BF39-D766BF81414C}.Release|Any CPU.ActiveCfg = Release|Any CPU
		{32865C3A-7D0A-494E-BF39-D766BF81414C}.Release|Any CPU.Build.0 = Release|Any CPU
		{ADFE1712-91BC-4371-8F08-EACEA0811D24}.Debug|Any CPU.ActiveCfg = Debug|Any CPU
		{ADFE1712-91BC-4371-8F08-EACEA0811D24}.Debug|Any CPU.Build.0 = Debug|Any CPU
		{ADFE1712-91BC-4371-8F08-EACEA0811D24}.Release|Any CPU.ActiveCfg = Release|Any CPU
		{ADFE1712-91BC-4371-8F08-EACEA0811D24}.Release|Any CPU.Build.0 = Release|Any CPU
		{A5C0A7E3-1700-47E5-B8D5-F6E60AF09D5D}.Debug|Any CPU.ActiveCfg = Debug|Any CPU
		{A5C0A7E3-1700-47E5-B8D5-F6E60AF09D5D}.Debug|Any CPU.Build.0 = Debug|Any CPU
		{A5C0A7E3-1700-47E5-B8D5-F6E60AF09D5D}.Release|Any CPU.ActiveCfg = Release|Any CPU
		{A5C0A7E3-1700-47E5-B8D5-F6E60AF09D5D}.Release|Any CPU.Build.0 = Release|Any CPU
		{96E6880A-4444-4E6E-A618-F6C2142A4131}.Debug|Any CPU.ActiveCfg = Debug|Any CPU
		{96E6880A-4444-4E6E-A618-F6C2142A4131}.Debug|Any CPU.Build.0 = Debug|Any CPU
		{96E6880A-4444-4E6E-A618-F6C2142A4131}.Release|Any CPU.ActiveCfg = Release|Any CPU
		{96E6880A-4444-4E6E-A618-F6C2142A4131}.Release|Any CPU.Build.0 = Release|Any CPU
	EndGlobalSection
	GlobalSection(SolutionProperties) = preSolution
		HideSolutionNode = FALSE
	EndGlobalSection
	GlobalSection(ExtensibilityGlobals) = postSolution
		SolutionGuid = {8357F0D8-645C-4553-8E4B-3F3D67D65082}
	EndGlobalSection
EndGlobal
